{
    "_readme": [
        "This file locks the dependencies of your project to a known state",
        "Read more about it at https://getcomposer.org/doc/01-basic-usage.md#composer-lock-the-lock-file",
        "This file is @generated automatically"
    ],
    "content-hash": "3356a82e26a474f9d632fb3737fe548a",
    "packages": [
        {
            "name": "ezyang/htmlpurifier",
            "version": "dev-master",
            "source": {
                "type": "git",
                "url": "https://github.com/ezyang/htmlpurifier.git",
                "reference": "17f80cd74b086a5db2a9c86368e815e43a9878b2"
            },
            "dist": {
                "type": "zip",
                "url": "https://api.github.com/repos/ezyang/htmlpurifier/zipball/17f80cd74b086a5db2a9c86368e815e43a9878b2",
                "reference": "17f80cd74b086a5db2a9c86368e815e43a9878b2",
                "shasum": ""
            },
            "require": {
                "php": ">=5.2"
            },
            "require-dev": {
                "simpletest/simpletest": "^1.1"
            },
            "type": "library",
            "autoload": {
                "psr-0": {
                    "HTMLPurifier": "library/"
                },
                "files": [
                    "library/HTMLPurifier.composer.php"
                ]
            },
            "notification-url": "https://packagist.org/downloads/",
            "license": [
                "LGPL"
            ],
            "authors": [
                {
                    "name": "Edward Z. Yang",
                    "email": "admin@htmlpurifier.org",
                    "homepage": "http://ezyang.com"
                }
            ],
            "description": "Standards compliant HTML filter written in PHP",
            "homepage": "http://htmlpurifier.org/",
            "keywords": [
                "html"
            ],
            "time": "2017-06-24T02:50:48+00:00"
        },
        {
            "name": "qcloud/cos-sdk-v4",
            "version": "v4.3.7",
            "source": {
                "type": "git",
                "url": "https://github.com/tencentyun/cos-php-sdk-v4.git",
                "reference": "daf7b79e2a7109b57c2294976edc1aec9787bd72"
            },
            "dist": {
                "type": "zip",
                "url": "https://files.phpcomposer.com/files/tencentyun/cos-php-sdk-v4/daf7b79e2a7109b57c2294976edc1aec9787bd72.zip",
                "reference": "daf7b79e2a7109b57c2294976edc1aec9787bd72",
                "shasum": ""
            },
            "require": {
                "php": ">=5.3.0"
            },
            "type": "library",
            "autoload": {
                "psr-4": {
                    "QCloud\\Cos\\": "src/qcloud/cos/"
                }
            },
            "notification-url": "https://packagist.org/downloads/",
            "license": [
                "MIT"
            ],
            "authors": [
                {
                    "name": "yaozongyou",
                    "email": "yaozongyou@vip.qq.com"
                },
                {
                    "name": "ACTom",
                    "email": "i@actom.me"
                }
            ],
            "description": "PHP SDK for QCloud COS",
            "keywords": [
                "cos",
                "php",
                "qcloud"
            ],
            "time": "2017-09-04T03:35:57+00:00"
        },
        {
            "name": "topthink/framework",
            "version": "v5.0.9",
            "source": {
                "type": "git",
                "url": "https://github.com/top-think/framework.git",
                "reference": "24ae4b9042bf9acfd041eb34602b14eb8669bc3f"
            },
            "dist": {
                "type": "zip",
                "url": "https://api.github.com/repos/top-think/framework/zipball/24ae4b9042bf9acfd041eb34602b14eb8669bc3f",
                "reference": "24ae4b9042bf9acfd041eb34602b14eb8669bc3f",
                "shasum": ""
            },
            "require": {
                "php": ">=5.4.0",
                "topthink/think-installer": "~1.0"
            },
            "require-dev": {
                "johnkary/phpunit-speedtrap": "^1.0",
                "mikey179/vfsstream": "~1.6",
                "phpdocumentor/reflection-docblock": "^2.0",
                "phploc/phploc": "2.*",
                "phpunit/phpunit": "4.8.*",
                "sebastian/phpcpd": "2.*"
            },
            "type": "think-framework",
            "autoload": {
                "psr-4": {
                    "think\\": "library/think"
                }
            },
            "notification-url": "https://packagist.org/downloads/",
            "license": [
                "Apache-2.0"
            ],
            "authors": [
                {
                    "name": "liu21st",
                    "email": "liu21st@gmail.com"
                }
            ],
            "description": "the new thinkphp framework",
            "homepage": "http://thinkphp.cn/",
            "keywords": [
                "framework",
                "orm",
                "thinkphp"
            ],
            "time": "2017-05-20T10:43:04+00:00"
        },
        {
            "name": "topthink/think-captcha",
            "version": "v1.0.7",
            "source": {
                "type": "git",
                "url": "https://github.com/top-think/think-captcha.git",
                "reference": "0c55455df26a1626a60d0dc35d2d89002b741d44"
            },
            "dist": {
                "type": "zip",
                "url": "https://api.github.com/repos/top-think/think-captcha/zipball/0c55455df26a1626a60d0dc35d2d89002b741d44",
                "reference": "0c55455df26a1626a60d0dc35d2d89002b741d44",
                "shasum": ""
            },
            "type": "library",
            "autoload": {
                "psr-4": {
                    "think\\captcha\\": "src/"
                },
                "files": [
                    "src/helper.php"
                ]
            },
            "notification-url": "https://packagist.org/downloads/",
            "license": [
                "Apache-2.0"
            ],
            "authors": [
                {
                    "name": "yunwuxin",
                    "email": "448901948@qq.com"
                }
            ],
            "description": "captcha package for thinkphp5",
            "time": "2016-07-06T01:47:11+00:00"
        },
        {
            "name": "topthink/think-installer",
            "version": "v1.0.12",
            "source": {
                "type": "git",
                "url": "https://github.com/top-think/think-installer.git",
                "reference": "1be326e68f63de4e95977ed50f46ae75f017556d"
            },
            "dist": {
                "type": "zip",
                "url": "https://api.github.com/repos/top-think/think-installer/zipball/1be326e68f63de4e95977ed50f46ae75f017556d",
                "reference": "1be326e68f63de4e95977ed50f46ae75f017556d",
                "shasum": ""
            },
            "require": {
                "composer-plugin-api": "^1.0"
            },
            "require-dev": {
                "composer/composer": "1.0.*@dev"
            },
            "type": "composer-plugin",
            "extra": {
                "class": "think\\composer\\Plugin"
            },
            "autoload": {
                "psr-4": {
                    "think\\composer\\": "src"
                }
            },
            "notification-url": "https://packagist.org/downloads/",
            "license": [
                "Apache-2.0"
            ],
            "authors": [
                {
                    "name": "yunwuxin",
                    "email": "448901948@qq.com"
                }
            ],
            "time": "2017-05-27T06:58:09+00:00"
        },
        {
            "name": "zoujingli/ip2region",
            "version": "v1.0.1",
            "source": {
                "type": "git",
                "url": "https://github.com/zoujingli/ip2region.git",
                "reference": "2efe42321acb83d01d1de5bfde69142ad81bff9b"
            },
            "dist": {
                "type": "zip",
                "url": "https://files.phpcomposer.com/files/zoujingli/ip2region/2efe42321acb83d01d1de5bfde69142ad81bff9b.zip",
                "reference": "2efe42321acb83d01d1de5bfde69142ad81bff9b",
                "shasum": ""
            },
            "require": {
                "php": ">=5.3.3"
            },
            "type": "library",
            "autoload": {
                "classmap": [
                    "Ip2Region.php"
                ]
            },
            "notification-url": "https://packagist.org/downloads/",
            "license": [
                "Apache 2.0"
            ],
            "description": "Ip2Region",
            "homepage": "https://github.com/zoujingli/Ip2Region",
            "keywords": [
                "Ip2Region"
            ],
            "time": "2017-03-22T10:03:27+00:00"
        }
    ],
    "packages-dev": [],
    "aliases": [],
    "minimum-stability": "stable",
    "stability-flags": {
        "ezyang/htmlpurifier": 20
    },
    "prefer-stable": false,
    "prefer-lowest": false,
    "platform": {
        "php": ">=5.4.0"
    },
    "platform-dev": []
}
